
Microsoft Visual Studio Solution File, Format Version 12.00
# Visual Studio Version 17
VisualStudioVersion = 17.9.34622.214
MinimumVisualStudioVersion = 10.0.40219.1
Project("{888888A0-9F3D-457C-B088-3A5042F75D52}") = "EPIC3D_3DCGAN_APRIL2024", "EPIC3D_3DCGAN_APRIL2024.pyproj", "{EA82922F-9F54-4931-9728-C14306429720}"
EndProject
Global
	GlobalSection(SolutionConfigurationPlatforms) = preSolution
		Debug|Any CPU = Debug|Any CPU
		Release|Any CPU = Release|Any CPU
	EndGlobalSection
	GlobalSection(ProjectConfigurationPlatforms) = postSolution
		{EA82922F-9F54-4931-9728-C14306429720}.Debug|Any CPU.ActiveCfg = Debug|Any CPU
		{EA82922F-9F54-4931-9728-C14306429720}.Release|Any CPU.ActiveCfg = Release|Any CPU
	EndGlobalSection
	GlobalSection(SolutionProperties) = preSolution
		HideSolutionNode = FALSE
	EndGlobalSection
	GlobalSection(ExtensibilityGlobals) = postSolution
		SolutionGuid = {6D8FD5CC-B29C-4A60-980A-D8D3917E9A88}
	EndGlobalSection
EndGlobal
